hash: 6c8896ee18917363779e3427447d21e07ae1d2b5d446796179db739c4dfcd937
updated: 2017-06-23T14:41:49.5243887+08:00
imports:
- name: github.com/BurntSushi/toml
  version: b26d9c308763d68093482582cea63d69be07a0f0
- name: github.com/fsnotify/fsnotify
  version: 4da3e2cfbabc9f751898f250b49f2439785783a1
- name: github.com/sheng/air
  version: 3365a16b57f3be0d3e361287e171cf1083bee6d2
- name: github.com/tdewolff/buffer
  version: df6253e2a2cda5aba1b5d0c59fc5bdf0a98ae192
- name: github.com/tdewolff/minify
  version: bf4ffcc476fdee34561726f5b5523dc0f87a707a
  subpackages:
  - css
  - html
  - js
  - json
  - svg
  - xml
- name: github.com/tdewolff/parse
  version: e3d09bbcbf6d7721468bbe5deb35fe71da57d0f3
  subpackages:
  - css
  - html
  - js
  - json
  - svg
  - xml
- name: github.com/tdewolff/strconv
  version: 3e8091f4417ebaaa3910da63a45ea394ebbfb0e3
- name: golang.org/x/sys
  version: fb4cac33e3196ff7f507ab9b2d2a44b0142f5b5a
  subpackages:
  - unix
testImports: []
