hash: b0e89e9102495d4278912b95264eebae21008b55dff7b37af7ada4f0c9e1474b
updated: 2017-06-29T14:38:51.3928413+08:00
imports:
- name: github.com/boltdb/bolt
  version: 583e8937c61f1af6513608ccc75c97b6abdf4ff9
- name: github.com/couchbase/ghistogram
  version: c3b86badab3bc1aeadfecf66d6d4e45c82c43ef3
- name: github.com/couchbase/moss
  version: f71873811a1323b04a1e2fdd68b2a1c0ee7bee80
- name: github.com/couchbase/moss.git
  version: f71873811a1323b04a1e2fdd68b2a1c0ee7bee80
- name: github.com/edsrzf/mmap-go
  version: 0bce6a6887123b67a60366d2c9fe2dfb74289d2e
- name: github.com/ivpusic/go-clicolor
  version: 23f0b77f328a0ff36434970ade8f7c0ec8e8148b
  subpackages:
  - clicolor
- name: github.com/ivpusic/golog
  version: 28640bee649fa9f065ca537ae68d244fd79845d4
  subpackages:
  - appenders
- name: github.com/ivpusic/neo
  version: 43275a35db83116dae7fa6b9a5e2c9927694ca2a
  subpackages:
  - ebus
- name: github.com/ivpusic/toml
  version: 3fedaa159a92d673a801042a9e6e72d39f8f0fa2
- name: github.com/ivpusic/urlregex
  version: 4dd86e7844057c62b30f6c745d19200e1a31e13c
- name: github.com/mschoch/smat
  version: 90eadee771aeab36e8bf796039b8c261bebebe4f
- name: github.com/shiena/ansicolor
  version: a422bbe96644373c5753384a59d678f7d261ff10
- name: github.com/stretchr/testify
  version: 69483b4bd14f5845b5a1e55bca19e954e827f1d0
- name: goji.io
  version: 0d89ff54b2c18c9c4ba530e32496aef902d3c6cd
- name: gopkg.in/mgo.v2
  version: 3f83fa5005286a7fe593b055f0d7771a7dce4655
  subpackages:
  - bson
  - internal/json
  - internal/sasl
  - internal/scram
- name: gopkg.in/yaml.v2
  version: cd8b52f8269e0feb286dfeef29f8fe4d5b397e0b
testImports: []
